
Microsoft Visual Studio Solution File, Format Version 12.00
# Visual Studio Version 17
VisualStudioVersion = 17.5.002.0
MinimumVisualStudioVersion = 10.0.40219.1
Project("{9A19103F-16F7-4668-BE54-9A1E7A4F7556}") = "Bootcamp", "Bootcamp.csproj", "{D14E71EB-B755-4F0F-ABE6-D0693CACCA8B}"
EndProject
Global
	GlobalSection(SolutionConfigurationPlatforms) = preSolution
		Debug|Any CPU = Debug|Any CPU
		Release|Any CPU = Release|Any CPU
	EndGlobalSection
	GlobalSection(ProjectConfigurationPlatforms) = postSolution
		{D14E71EB-B755-4F0F-ABE6-D0693CACCA8B}.Debug|Any CPU.ActiveCfg = Debug|Any CPU
		{D14E71EB-B755-4F0F-ABE6-D0693CACCA8B}.Debug|Any CPU.Build.0 = Debug|Any CPU
		{D14E71EB-B755-4F0F-ABE6-D0693CACCA8B}.Release|Any CPU.ActiveCfg = Release|Any CPU
		{D14E71EB-B755-4F0F-ABE6-D0693CACCA8B}.Release|Any CPU.Build.0 = Release|Any CPU
	EndGlobalSection
	GlobalSection(SolutionProperties) = preSolution
		HideSolutionNode = FALSE
	EndGlobalSection
	GlobalSection(ExtensibilityGlobals) = postSolution
		SolutionGuid = {702573D5-833D-48F2-855B-E8D12500CBEA}
	EndGlobalSection
EndGlobal
